
Microsoft Visual Studio Solution File, Format Version 12.00
# Visual Studio 15
VisualStudioVersion = 15.0.27004.2006
MinimumVisualStudioVersion = 10.0.40219.1
Project("{FAE04EC0-301F-11D3-BF4B-00C04F79EFBC}") = "Task 1", "Task 1\Task 1.csproj", "{9DB481ED-3B92-4A5B-A126-AC734048A700}"
EndProject
Project("{FAE04EC0-301F-11D3-BF4B-00C04F79EFBC}") = "Task 2", "Task 2\Task 2.csproj", "{9BE4D97B-FA2D-4872-BF43-A3BD02570E7F}"
EndProject
Global
	GlobalSection(SolutionConfigurationPlatforms) = preSolution
		Debug|Any CPU = Debug|Any CPU
		Release|Any CPU = Release|Any CPU
	EndGlobalSection
	GlobalSection(ProjectConfigurationPlatforms) = postSolution
		{9DB481ED-3B92-4A5B-A126-AC734048A700}.Debug|Any CPU.ActiveCfg = Debug|Any CPU
		{9DB481ED-3B92-4A5B-A126-AC734048A700}.Debug|Any CPU.Build.0 = Debug|Any CPU
		{9DB481ED-3B92-4A5B-A126-AC734048A700}.Release|Any CPU.ActiveCfg = Release|Any CPU
		{9DB481ED-3B92-4A5B-A126-AC734048A700}.Release|Any CPU.Build.0 = Release|Any CPU
		{9BE4D97B-FA2D-4872-BF43-A3BD02570E7F}.Debug|Any CPU.ActiveCfg = Debug|Any CPU
		{9BE4D97B-FA2D-4872-BF43-A3BD02570E7F}.Debug|Any CPU.Build.0 = Debug|Any CPU
		{9BE4D97B-FA2D-4872-BF43-A3BD02570E7F}.Release|Any CPU.ActiveCfg = Release|Any CPU
		{9BE4D97B-FA2D-4872-BF43-A3BD02570E7F}.Release|Any CPU.Build.0 = Release|Any CPU
	EndGlobalSection
	GlobalSection(SolutionProperties) = preSolution
		HideSolutionNode = FALSE
	EndGlobalSection
	GlobalSection(ExtensibilityGlobals) = postSolution
		SolutionGuid = {CE39DE56-2640-4A66-921D-2765865CDB83}
	EndGlobalSection
EndGlobal
