
Microsoft Visual Studio Solution File, Format Version 12.00
# Visual Studio 15
VisualStudioVersion = 15.0.27004.2006
MinimumVisualStudioVersion = 10.0.40219.1
Project("{FAE04EC0-301F-11D3-BF4B-00C04F79EFBC}") = "Task_1", "Task_1\Task_1.csproj", "{AE36A3E3-6293-48FA-8CA9-988F86D1B827}"
EndProject
Project("{FAE04EC0-301F-11D3-BF4B-00C04F79EFBC}") = "Task_2", "Task_2\Task_2.csproj", "{35976A37-BF26-4AED-8098-4933AFF85DC3}"
EndProject
Project("{FAE04EC0-301F-11D3-BF4B-00C04F79EFBC}") = "Task_3", "Task_3\Task_3.csproj", "{FCAAF520-AB3C-44FF-8439-291643E59B44}"
EndProject
Global
	GlobalSection(SolutionConfigurationPlatforms) = preSolution
		Debug|Any CPU = Debug|Any CPU
		Release|Any CPU = Release|Any CPU
	EndGlobalSection
	GlobalSection(ProjectConfigurationPlatforms) = postSolution
		{AE36A3E3-6293-48FA-8CA9-988F86D1B827}.Debug|Any CPU.ActiveCfg = Debug|Any CPU
		{AE36A3E3-6293-48FA-8CA9-988F86D1B827}.Debug|Any CPU.Build.0 = Debug|Any CPU
		{AE36A3E3-6293-48FA-8CA9-988F86D1B827}.Release|Any CPU.ActiveCfg = Release|Any CPU
		{AE36A3E3-6293-48FA-8CA9-988F86D1B827}.Release|Any CPU.Build.0 = Release|Any CPU
		{35976A37-BF26-4AED-8098-4933AFF85DC3}.Debug|Any CPU.ActiveCfg = Debug|Any CPU
		{35976A37-BF26-4AED-8098-4933AFF85DC3}.Debug|Any CPU.Build.0 = Debug|Any CPU
		{35976A37-BF26-4AED-8098-4933AFF85DC3}.Release|Any CPU.ActiveCfg = Release|Any CPU
		{35976A37-BF26-4AED-8098-4933AFF85DC3}.Release|Any CPU.Build.0 = Release|Any CPU
		{FCAAF520-AB3C-44FF-8439-291643E59B44}.Debug|Any CPU.ActiveCfg = Debug|Any CPU
		{FCAAF520-AB3C-44FF-8439-291643E59B44}.Debug|Any CPU.Build.0 = Debug|Any CPU
		{FCAAF520-AB3C-44FF-8439-291643E59B44}.Release|Any CPU.ActiveCfg = Release|Any CPU
		{FCAAF520-AB3C-44FF-8439-291643E59B44}.Release|Any CPU.Build.0 = Release|Any CPU
	EndGlobalSection
	GlobalSection(SolutionProperties) = preSolution
		HideSolutionNode = FALSE
	EndGlobalSection
	GlobalSection(ExtensibilityGlobals) = postSolution
		SolutionGuid = {D8A8B4A4-D083-4DC4-B499-FFC1F366158E}
	EndGlobalSection
EndGlobal
