
Microsoft Visual Studio Solution File, Format Version 12.00
# Visual Studio 15
VisualStudioVersion = 15.0.27130.2010
MinimumVisualStudioVersion = 10.0.40219.1
Project("{FAE04EC0-301F-11D3-BF4B-00C04F79EFBC}") = "25_Multithreading", "25_Multithreading\25_Multithreading.csproj", "{92F5113C-63F3-44A8-A31D-E46240B0668E}"
EndProject
Global
	GlobalSection(SolutionConfigurationPlatforms) = preSolution
		Debug|Any CPU = Debug|Any CPU
		Release|Any CPU = Release|Any CPU
	EndGlobalSection
	GlobalSection(ProjectConfigurationPlatforms) = postSolution
		{92F5113C-63F3-44A8-A31D-E46240B0668E}.Debug|Any CPU.ActiveCfg = Debug|Any CPU
		{92F5113C-63F3-44A8-A31D-E46240B0668E}.Debug|Any CPU.Build.0 = Debug|Any CPU
		{92F5113C-63F3-44A8-A31D-E46240B0668E}.Release|Any CPU.ActiveCfg = Release|Any CPU
		{92F5113C-63F3-44A8-A31D-E46240B0668E}.Release|Any CPU.Build.0 = Release|Any CPU
	EndGlobalSection
	GlobalSection(SolutionProperties) = preSolution
		HideSolutionNode = FALSE
	EndGlobalSection
	GlobalSection(ExtensibilityGlobals) = postSolution
		SolutionGuid = {EC5325B7-B906-4FF7-8216-22398819C5FD}
	EndGlobalSection
EndGlobal
