
Microsoft Visual Studio Solution File, Format Version 12.00
# Visual Studio 15
VisualStudioVersion = 15.0.27004.2006
MinimumVisualStudioVersion = 10.0.40219.1
Project("{FAE04EC0-301F-11D3-BF4B-00C04F79EFBC}") = "Classes", "Classes\Classes.csproj", "{C2DF7477-94E2-4679-B8A9-1656DBB6CD57}"
EndProject
Project("{FAE04EC0-301F-11D3-BF4B-00C04F79EFBC}") = "Classes 2", "Classes 2\Classes 2.csproj", "{8624CE3A-D70B-4A3C-AB6B-60F246A93E27}"
EndProject
Project("{FAE04EC0-301F-11D3-BF4B-00C04F79EFBC}") = "Classes 3", "Classes 3\Classes 3.csproj", "{99667620-2ADD-4449-B180-2ADE454982F4}"
EndProject
Global
	GlobalSection(SolutionConfigurationPlatforms) = preSolution
		Debug|Any CPU = Debug|Any CPU
		Release|Any CPU = Release|Any CPU
	EndGlobalSection
	GlobalSection(ProjectConfigurationPlatforms) = postSolution
		{C2DF7477-94E2-4679-B8A9-1656DBB6CD57}.Debug|Any CPU.ActiveCfg = Debug|Any CPU
		{C2DF7477-94E2-4679-B8A9-1656DBB6CD57}.Debug|Any CPU.Build.0 = Debug|Any CPU
		{C2DF7477-94E2-4679-B8A9-1656DBB6CD57}.Release|Any CPU.ActiveCfg = Release|Any CPU
		{C2DF7477-94E2-4679-B8A9-1656DBB6CD57}.Release|Any CPU.Build.0 = Release|Any CPU
		{8624CE3A-D70B-4A3C-AB6B-60F246A93E27}.Debug|Any CPU.ActiveCfg = Debug|Any CPU
		{8624CE3A-D70B-4A3C-AB6B-60F246A93E27}.Debug|Any CPU.Build.0 = Debug|Any CPU
		{8624CE3A-D70B-4A3C-AB6B-60F246A93E27}.Release|Any CPU.ActiveCfg = Release|Any CPU
		{8624CE3A-D70B-4A3C-AB6B-60F246A93E27}.Release|Any CPU.Build.0 = Release|Any CPU
		{99667620-2ADD-4449-B180-2ADE454982F4}.Debug|Any CPU.ActiveCfg = Debug|Any CPU
		{99667620-2ADD-4449-B180-2ADE454982F4}.Debug|Any CPU.Build.0 = Debug|Any CPU
		{99667620-2ADD-4449-B180-2ADE454982F4}.Release|Any CPU.ActiveCfg = Release|Any CPU
		{99667620-2ADD-4449-B180-2ADE454982F4}.Release|Any CPU.Build.0 = Release|Any CPU
	EndGlobalSection
	GlobalSection(SolutionProperties) = preSolution
		HideSolutionNode = FALSE
	EndGlobalSection
	GlobalSection(ExtensibilityGlobals) = postSolution
		SolutionGuid = {D34D8C10-C206-4148-8517-C9AE1422C0C9}
	EndGlobalSection
EndGlobal
